github.com/antlr/antlr4/runtime/Go/antlr v0.0.0-20220209173558-ad29539cd2e9 h1:zvkJv+9Pxm1nnEMcKnShREt4qtduHKz4iw4AB4ul0Ao=
github.com/antlr/antlr4/runtime/Go/antlr v0.0.0-20220209173558-ad29539cd2e9/go.mod h1:F7bn7fEU90QkQ3tnmaTx3LTKLEDqnwWODIYppRQ5hnY=
github.com/deckarep/golang-set v1.8.0 h1:sk9/l/KqpunDwP7pSjUg0keiOOLEnOBHzykLrsPppp4=
github.com/deckarep/golang-set v1.8.0/go.mod h1:5nI87KwE7wgsBU1F4GKAw2Qod7p5kyS383rP6+o6qqo=
